// !$*UTF8*$!
{
	archiveVersion = 1;
	classes = {
	};
	objectVersion = 46;
	objects = {

/* Begin PBXBuildFile section */
		E00132D71A8E05EE00257150 /* AppDelegate.swift in Sources */ = {isa = PBXBuildFile; fileRef = E00132D61A8E05EE00257150 /* AppDelegate.swift */; };
		E00132D91A8E05EE00257150 /* ViewController.swift in Sources */ = {isa = PBXBuildFile; fileRef = E00132D81A8E05EE00257150 /* ViewController.swift */; };
		E00132DC1A8E05EE00257150 /* Main.storyboard in Resources */ = {isa = PBXBuildFile; fileRef = E00132DA1A8E05EE00257150 /* Main.storyboard */; };
		E00132DE1A8E05EE00257150 /* Images.xcassets in Resources */ = {isa = PBXBuildFile; fileRef = E00132DD1A8E05EE00257150 /* Images.xcassets */; };
		E00132E11A8E05EE00257150 /* LaunchScreen.xib in Resources */ = {isa = PBXBuildFile; fileRef = E00132DF1A8E05EE00257150 /* LaunchScreen.xib */; };
		E00132ED1A8E05EE00257150 /* PostcardTests.swift in Sources */ = {isa = PBXBuildFile; fileRef = E00132EC1A8E05EE00257150 /* PostcardTests.swift */; };
		E00F6F451AA085D20015C473 /* AlbertEinsteinStamp.jpg in Resources */ = {isa = PBXBuildFile; fileRef = E00F6F441AA085D20015C473 /* AlbertEinsteinStamp.jpg */; };
		E0B314591A91D4BC001DBAE6 /* SagradaFamilia.jpeg in Resources */ = {isa = PBXBuildFile; fileRef = E0B314581A91D4BC001DBAE6 /* SagradaFamilia.jpeg */; };
/* End PBXBuildFile section */

/* Begin PBXContainerItemProxy section */
		E00132E71A8E05EE00257150 /* PBXContainerItemProxy */ = {
			isa = PBXContainerItemProxy;
			containerPortal = E00132C91A8E05EE00257150 /* Project object */;
			proxyType = 1;
			remoteGlobalIDString = E00132D01A8E05EE00257150;
			remoteInfo = Postcard;
		};
/* End PBXContainerItemProxy section */

/* Begin PBXFileReference section */
		E00132D11A8E05EE00257150 /* Postcard.app */ = {isa = PBXFileReference; explicitFileType = wrapper.application; includeInIndex = 0; path = Postcard.app; sourceTree = BUILT_PRODUCTS_DIR; };
		E00132D51A8E05EE00257150 /* Info.plist */ = {isa = PBXFileReference; lastKnownFileType = text.plist.xml; path = Info.plist; sourceTree = "<group>"; };
		E00132D61A8E05EE00257150 /* AppDelegate.swift */ = {isa = PBXFileReference; lastKnownFileType = sourcecode.swift; path = AppDelegate.swift; sourceTree = "<group>"; };
		E00132D81A8E05EE00257150 /* ViewController.swift */ = {isa = PBXFileReference; lastKnownFileType = sourcecode.swift; path = ViewController.swift; sourceTree = "<group>"; };
		E00132DB1A8E05EE00257150 /* Base */ = {isa = PBXFileReference; lastKnownFileType = file.storyboard; name = Base; path = Base.lproj/Main.storyboard; sourceTree = "<group>"; };
		E00132DD1A8E05EE00257150 /* Images.xcassets */ = {isa = PBXFileReference; lastKnownFileType = folder.assetcatalog; path = Images.xcassets; sourceTree = "<group>"; };
		E00132E01A8E05EE00257150 /* Base */ = {isa = PBXFileReference; lastKnownFileType = file.xib; name = Base; path = Base.lproj/LaunchScreen.xib; sourceTree = "<group>"; };
		E00132E61A8E05EE00257150 /* PostcardTests.xctest */ = {isa = PBXFileReference; explicitFileType = wrapper.cfbundle; includeInIndex = 0; path = PostcardTests.xctest; sourceTree = BUILT_PRODUCTS_DIR; };
		E00132EB1A8E05EE00257150 /* Info.plist */ = {isa = PBXFileReference; lastKnownFileType = text.plist.xml; path = Info.plist; sourceTree = "<group>"; };
		E00132EC1A8E05EE00257150 /* PostcardTests.swift */ = {isa = PBXFileReference; lastKnownFileType = sourcecode.swift; path = PostcardTests.swift; sourceTree = "<group>"; };
		E00F6F441AA085D20015C473 /* AlbertEinsteinStamp.jpg */ = {isa = PBXFileReference; lastKnownFileType = image.jpeg; path = AlbertEinsteinStamp.jpg; sourceTree = "<group>"; };
		E0B314581A91D4BC001DBAE6 /* SagradaFamilia.jpeg */ = {isa = PBXFileReference; lastKnownFileType = image.jpeg; name = SagradaFamilia.jpeg; path = PostcardTests/SagradaFamilia.jpeg; sourceTree = SOURCE_ROOT; };
/* End PBXFileReference section */

/* Begin PBXFrameworksBuildPhase section */
		E00132CE1A8E05EE00257150 /* Frameworks */ = {
			isa = PBXFrameworksBuildPhase;
			buildActionMask = 2147483647;
			files = (
			);
			runOnlyForDeploymentPostprocessing = 0;
		};
		E00132E31A8E05EE00257150 /* Frameworks */ = {
			isa = PBXFrameworksBuildPhase;
			buildActionMask = 2147483647;
			files = (
			);
			runOnlyForDeploymentPostprocessing = 0;
		};
/* End PBXFrameworksBuildPhase section */

/* Begin PBXGroup section */
		E00132C81A8E05EE00257150 = {
			isa = PBXGroup;
			children = (
				E00132D31A8E05EE00257150 /* Postcard */,
				E00132E91A8E05EE00257150 /* PostcardTests */,
				E00132D21A8E05EE00257150 /* Products */,
			);
			sourceTree = "<group>";
		};
		E00132D21A8E05EE00257150 /* Products */ = {
			isa = PBXGroup;
			children = (
				E00132D11A8E05EE00257150 /* Postcard.app */,
				E00132E61A8E05EE00257150 /* PostcardTests.xctest */,
			);
			name = Products;
			sourceTree = "<group>";
		};
		E00132D31A8E05EE00257150 /* Postcard */ = {
			isa = PBXGroup;
			children = (
				E00132D61A8E05EE00257150 /* AppDelegate.swift */,
				E00132D81A8E05EE00257150 /* ViewController.swift */,
				E00132DA1A8E05EE00257150 /* Main.storyboard */,
				E00132DD1A8E05EE00257150 /* Images.xcassets */,
				E00132DF1A8E05EE00257150 /* LaunchScreen.xib */,
				E00132D41A8E05EE00257150 /* Supporting Files */,
			);
			path = Postcard;
			sourceTree = "<group>";
		};
		E00132D41A8E05EE00257150 /* Supporting Files */ = {
			isa = PBXGroup;
			children = (
				E0B314581A91D4BC001DBAE6 /* SagradaFamilia.jpeg */,
				E00F6F441AA085D20015C473 /* AlbertEinsteinStamp.jpg */,
				E00132D51A8E05EE00257150 /* Info.plist */,
			);
			name = "Supporting Files";
			sourceTree = "<group>";
		};
		E00132E91A8E05EE00257150 /* PostcardTests */ = {
			isa = PBXGroup;
			children = (
				E00132EC1A8E05EE00257150 /* PostcardTests.swift */,
				E00132EA1A8E05EE00257150 /* Supporting Files */,
			);
			path = PostcardTests;
			sourceTree = "<group>";
		};
		E00132EA1A8E05EE00257150 /* Supporting Files */ = {
			isa = PBXGroup;
			children = (
				E00132EB1A8E05EE00257150 /* Info.plist */,
			);
			name = "Supporting Files";
			sourceTree = "<group>";
		};
/* End PBXGroup section */

/* Begin PBXNativeTarget section */
		E00132D01A8E05EE00257150 /* Postcard */ = {
			isa = PBXNativeTarget;
			buildConfigurationList = E00132F01A8E05EF00257150 /* Build configuration list for PBXNativeTarget "Postcard" */;
			buildPhases = (
				E00132CD1A8E05EE00257150 /* Sources */,
				E00132CE1A8E05EE00257150 /* Frameworks */,
				E00132CF1A8E05EE00257150 /* Resources */,
			);
			buildRules = (
			);
			dependencies = (
			);
			name = Postcard;
			productName = Postcard;
			productReference = E00132D11A8E05EE00257150 /* Postcard.app */;
			productType = "com.apple.product-type.application";
		};
		E00132E51A8E05EE00257150 /* PostcardTests */ = {
			isa = PBXNativeTarget;
			buildConfigurationList = E00132F31A8E05EF00257150 /* Build configuration list for PBXNativeTarget "PostcardTests" */;
			buildPhases = (
				E00132E21A8E05EE00257150 /* Sources */,
				E00132E31A8E05EE00257150 /* Frameworks */,
				E00132E41A8E05EE00257150 /* Resources */,
			);
			buildRules = (
			);
			dependencies = (
				E00132E81A8E05EE00257150 /* PBXTargetDependency */,
			);
			name = PostcardTests;
			productName = PostcardTests;
			productReference = E00132E61A8E05EE00257150 /* PostcardTests.xctest */;
			productType = "com.apple.product-type.bundle.unit-test";
		};
/* End PBXNativeTarget section */

/* Begin PBXProject section */
		E00132C91A8E05EE00257150 /* Project object */ = {
			isa = PBXProject;
			attributes = {
				LastUpgradeCheck = 0610;
				ORGANIZATIONNAME = "Lisa-Marie Thompson";
				TargetAttributes = {
					E00132D01A8E05EE00257150 = {
						CreatedOnToolsVersion = 6.1.1;
					};
					E00132E51A8E05EE00257150 = {
						CreatedOnToolsVersion = 6.1.1;
						TestTargetID = E00132D01A8E05EE00257150;
					};
				};
			};
			buildConfigurationList = E00132CC1A8E05EE00257150 /* Build configuration list for PBXProject "Postcard" */;
			compatibilityVersion = "Xcode 3.2";
			developmentRegion = English;
			hasScannedForEncodings = 0;
			knownRegions = (
				en,
				Base,
			);
			mainGroup = E00132C81A8E05EE00257150;
			productRefGroup = E00132D21A8E05EE00257150 /* Products */;
			projectDirPath = "";
			projectRoot = "";
			targets = (
				E00132D01A8E05EE00257150 /* Postcard */,
				E00132E51A8E05EE00257150 /* PostcardTests */,
			);
		};
/* End PBXProject section */

/* Begin PBXResourcesBuildPhase section */
		E00132CF1A8E05EE00257150 /* Resources */ = {
			isa = PBXResourcesBuildPhase;
			buildActionMask = 2147483647;
			files = (
				E00132DC1A8E05EE00257150 /* Main.storyboard in Resources */,
				E0B314591A91D4BC001DBAE6 /* SagradaFamilia.jpeg in Resources */,
				E00F6F451AA085D20015C473 /* AlbertEinsteinStamp.jpg in Resources */,
				E00132E11A8E05EE00257150 /* LaunchScreen.xib in Resources */,
				E00132DE1A8E05EE00257150 /* Images.xcassets in Resources */,
			);
			runOnlyForDeploymentPostprocessing = 0;
		};
		E00132E41A8E05EE00257150 /* Resources */ = {
			isa = PBXResourcesBuildPhase;
			buildActionMask = 2147483647;
			files = (
			);
			runOnlyForDeploymentPostprocessing = 0;
		};
/* End PBXResourcesBuildPhase section */

/* Begin PBXSourcesBuildPhase section */
		E00132CD1A8E05EE00257150 /* Sources */ = {
			isa = PBXSourcesBuildPhase;
			buildActionMask = 2147483647;
			files = (
				E00132D91A8E05EE00257150 /* ViewController.swift in Sources */,
				E00132D71A8E05EE00257150 /* AppDelegate.swift in Sources */,
			);
			runOnlyForDeploymentPostprocessing = 0;
		};
		E00132E21A8E05EE00257150 /* Sources */ = {
			isa = PBXSourcesBuildPhase;
			buildActionMask = 2147483647;
			files = (
				E00132ED1A8E05EE00257150 /* PostcardTests.swift in Sources */,
			);
			runOnlyForDeploymentPostprocessing = 0;
		};
/* End PBXSourcesBuildPhase section */

/* Begin PBXTargetDependency section */
		E00132E81A8E05EE00257150 /* PBXTargetDependency */ = {
			isa = PBXTargetDependency;
			target = E00132D01A8E05EE00257150 /* Postcard */;
			targetProxy = E00132E71A8E05EE00257150 /* PBXContainerItemProxy */;
		};
/* End PBXTargetDependency section */

/* Begin PBXVariantGroup section */
		E00132DA1A8E05EE00257150 /* Main.storyboard */ = {
			isa = PBXVariantGroup;
			children = (
				E00132DB1A8E05EE00257150 /* Base */,
			);
			name = Main.storyboard;
			sourceTree = "<group>";
		};
		E00132DF1A8E05EE00257150 /* LaunchScreen.xib */ = {
			isa = PBXVariantGroup;
			children = (
				E00132E01A8E05EE00257150 /* Base */,
			);
			name = LaunchScreen.xib;
			sourceTree = "<group>";
		};
/* End PBXVariantGroup section */

/* Begin XCBuildConfiguration section */
		E00132EE1A8E05EE00257150 /* Debug */ = {
			isa = XCBuildConfiguration;
			buildSettings = {
				ALWAYS_SEARCH_USER_PATHS = NO;
				CLANG_CXX_LANGUAGE_STANDARD = "gnu++0x";
				CLANG_CXX_LIBRARY = "libc++";
				CLANG_ENABLE_MODULES = YES;
				CLANG_ENABLE_OBJC_ARC = YES;
				CLANG_WARN_BOOL_CONVERSION = YES;
				CLANG_WARN_CONSTANT_CONVERSION = YES;
				CLANG_WARN_DIRECT_OBJC_ISA_USAGE = YES_ERROR;
				CLANG_WARN_EMPTY_BODY = YES;
				CLANG_WARN_ENUM_CONVERSION = YES;
				CLANG_WARN_INT_CONVERSION = YES;
				CLANG_WARN_OBJC_ROOT_CLASS = YES_ERROR;
				CLANG_WARN_UNREACHABLE_CODE = YES;
				CLANG_WARN__DUPLICATE_METHOD_MATCH = YES;
				"CODE_SIGN_IDENTITY[sdk=iphoneos*]" = "iPhone Developer";
				COPY_PHASE_STRIP = NO;
				ENABLE_STRICT_OBJC_MSGSEND = YES;
				GCC_C_LANGUAGE_STANDARD = gnu99;
				GCC_DYNAMIC_NO_PIC = NO;
				GCC_OPTIMIZATION_LEVEL = 0;
				GCC_PREPROCESSOR_DEFINITIONS = (
					"DEBUG=1",
					"$(inherited)",
				);
				GCC_SYMBOLS_PRIVATE_EXTERN = NO;
				GCC_WARN_64_TO_32_BIT_CONVERSION = YES;
				GCC_WARN_ABOUT_RETURN_TYPE = YES_ERROR;
				GCC_WARN_UNDECLARED_SELECTOR = YES;
				GCC_WARN_UNINITIALIZED_AUTOS = YES_AGGRESSIVE;
				GCC_WARN_UNUSED_FUNCTION = YES;
				GCC_WARN_UNUSED_VARIABLE = YES;
				IPHONEOS_DEPLOYMENT_TARGET = 8.1;
				MTL_ENABLE_DEBUG_INFO = YES;
				ONLY_ACTIVE_ARCH = YES;
				SDKROOT = iphoneos;
				SWIFT_OPTIMIZATION_LEVEL = "-Onone";
				TARGETED_DEVICE_FAMILY = "1,2";
			};
			name = Debug;
		};
		E00132EF1A8E05EE00257150 /* Release */ = {
			isa = XCBuildConfiguration;
			buildSettings = {
				ALWAYS_SEARCH_USER_PATHS = NO;
				CLANG_CXX_LANGUAGE_STANDARD = "gnu++0x";
				CLANG_CXX_LIBRARY = "libc++";
				CLANG_ENABLE_MODULES = YES;
				CLANG_ENABLE_OBJC_ARC = YES;
				CLANG_WARN_BOOL_CONVERSION = YES;
				CLANG_WARN_CONSTANT_CONVERSION = YES;
				CLANG_WARN_DIRECT_OBJC_ISA_USAGE = YES_ERROR;
				CLANG_WARN_EMPTY_BODY = YES;
				CLANG_WARN_ENUM_CONVERSION = YES;
				CLANG_WARN_INT_CONVERSION = YES;
				CLANG_WARN_OBJC_ROOT_CLASS = YES_ERROR;
				CLANG_WARN_UNREACHABLE_CODE = YES;
				CLANG_WARN__DUPLICATE_METHOD_MATCH = YES;
				"CODE_SIGN_IDENTITY[sdk=iphoneos*]" = "iPhone Developer";
				COPY_PHASE_STRIP = YES;
				ENABLE_NS_ASSERTIONS = NO;
				ENABLE_STRICT_OBJC_MSGSEND = YES;
				GCC_C_LANGUAGE_STANDARD = gnu99;
				GCC_WARN_64_TO_32_BIT_CONVERSION = YES;
				GCC_WARN_ABOUT_RETURN_TYPE = YES_ERROR;
				GCC_WARN_UNDECLARED_SELECTOR = YES;
				GCC_WARN_UNINITIALIZED_AUTOS = YES_AGGRESSIVE;
				GCC_WARN_UNUSED_FUNCTION = YES;
				GCC_WARN_UNUSED_VARIABLE = YES;
				IPHONEOS_DEPLOYMENT_TARGET = 8.1;
				MTL_ENABLE_DEBUG_INFO = NO;
				SDKROOT = iphoneos;
				TARGETED_DEVICE_FAMILY = "1,2";
				VALIDATE_PRODUCT = YES;
			};
			name = Release;
		};
		E00132F11A8E05EF00257150 /* Debug */ = {
			isa = XCBuildConfiguration;
			buildSettings = {
				ASSETCATALOG_COMPILER_APPICON_NAME = AppIcon;
				INFOPLIST_FILE = Postcard/Info.plist;
				LD_RUNPATH_SEARCH_PATHS = "$(inherited) @executable_path/Frameworks";
				PRODUCT_NAME = "$(TARGET_NAME)";
			};
			name = Debug;
		};
		E00132F21A8E05EF00257150 /* Release */ = {
			isa = XCBuildConfiguration;
			buildSettings = {
				ASSETCATALOG_COMPILER_APPICON_NAME = AppIcon;
				INFOPLIST_FILE = Postcard/Info.plist;
				LD_RUNPATH_SEARCH_PATHS = "$(inherited) @executable_path/Frameworks";
				PRODUCT_NAME = "$(TARGET_NAME)";
			};
			name = Release;
		};
		E00132F41A8E05EF00257150 /* Debug */ = {
			isa = XCBuildConfiguration;
			buildSettings = {
				BUNDLE_LOADER = "$(TEST_HOST)";
				FRAMEWORK_SEARCH_PATHS = (
					"$(SDKROOT)/Developer/Library/Frameworks",
					"$(inherited)",
				);
				GCC_PREPROCESSOR_DEFINITIONS = (
					"DEBUG=1",
					"$(inherited)",
				);
				INFOPLIST_FILE = PostcardTests/Info.plist;
				LD_RUNPATH_SEARCH_PATHS = "$(inherited) @executable_path/Frameworks @loader_path/Frameworks";
				PRODUCT_NAME = "$(TARGET_NAME)";
				TEST_HOST = "$(BUILT_PRODUCTS_DIR)/Postcard.app/Postcard";
			};
			name = Debug;
		};
		E00132F51A8E05EF00257150 /* Release */ = {
			isa = XCBuildConfiguration;
			buildSettings = {
				BUNDLE_LOADER = "$(TEST_HOST)";
				FRAMEWORK_SEARCH_PATHS = (
					"$(SDKROOT)/Developer/Library/Frameworks",
					"$(inherited)",
				);
				INFOPLIST_FILE = PostcardTests/Info.plist;
				LD_RUNPATH_SEARCH_PATHS = "$(inherited) @executable_path/Frameworks @loader_path/Frameworks";
				PRODUCT_NAME = "$(TARGET_NAME)";
				TEST_HOST = "$(BUILT_PRODUCTS_DIR)/Postcard.app/Postcard";
			};
			name = Release;
		};
/* End XCBuildConfiguration section */

/* Begin XCConfigurationList section */
		E00132CC1A8E05EE00257150 /* Build configuration list for PBXProject "Postcard" */ = {
			isa = XCConfigurationList;
			buildConfigurations = (
				E00132EE1A8E05EE00257150 /* Debug */,
				E00132EF1A8E05EE00257150 /* Release */,
			);
			defaultConfigurationIsVisible = 0;
			defaultConfigurationName = Release;
		};
		E00132F01A8E05EF00257150 /* Build configuration list for PBXNativeTarget "Postcard" */ = {
			isa = XCConfigurationList;
			buildConfigurations = (
				E00132F11A8E05EF00257150 /* Debug */,
				E00132F21A8E05EF00257150 /* Release */,
			);
			defaultConfigurationIsVisible = 0;
			defaultConfigurationName = Release;
		};
		E00132F31A8E05EF00257150 /* Build configuration list for PBXNativeTarget "PostcardTests" */ = {
			isa = XCConfigurationList;
			buildConfigurations = (
				E00132F41A8E05EF00257150 /* Debug */,
				E00132F51A8E05EF00257150 /* Release */,
			);
			defaultConfigurationIsVisible = 0;
			defaultConfigurationName = Release;
		};
/* End XCConfigurationList section */
	};
	rootObject = E00132C91A8E05EE00257150 /* Project object */;
}
